
Microsoft Visual Studio Solution File, Format Version 12.00
# Visual Studio Version 16
VisualStudioVersion = 16.0.30128.74
MinimumVisualStudioVersion = 10.0.40219.1
Project("{8BC9CEB8-8B4A-11D0-8D11-00A0C91BC942}") = "10_example", "10_example\10_example.vcxproj", "{534F6C4A-BE27-45F6-8758-AEAED032A3E1}"
EndProject
Project("{8BC9CEB8-8B4A-11D0-8D11-00A0C91BC942}") = "11_SimpleOneFile", "11_simpleOneFile\11_simpleOneFile.vcxproj", "{1314E848-580D-476B-A978-D9C9A008BDBE}"
EndProject
Project("{8BC9CEB8-8B4A-11D0-8D11-00A0C91BC942}") = "11_SimpleMultipleFile", "11_SimpleMultipleFile\11_SimpleMultipleFile.vcxproj", "{393D9060-3215-4B8A-8C68-C196F50FC4F5}"
EndProject
Project("{8BC9CEB8-8B4A-11D0-8D11-00A0C91BC942}") = "10_BigO", "10_BigO\10_BigO.vcxproj", "{92BF34C1-BAF1-41C0-8F64-744EB45E53C1}"
EndProject
Global
	GlobalSection(SolutionConfigurationPlatforms) = preSolution
		Debug|x64 = Debug|x64
		Debug|x86 = Debug|x86
		Release|x64 = Release|x64
		Release|x86 = Release|x86
	EndGlobalSection
	GlobalSection(ProjectConfigurationPlatforms) = postSolution
		{534F6C4A-BE27-45F6-8758-AEAED032A3E1}.Debug|x64.ActiveCfg = Debug|x64
		{534F6C4A-BE27-45F6-8758-AEAED032A3E1}.Debug|x64.Build.0 = Debug|x64
		{534F6C4A-BE27-45F6-8758-AEAED032A3E1}.Debug|x86.ActiveCfg = Debug|Win32
		{534F6C4A-BE27-45F6-8758-AEAED032A3E1}.Debug|x86.Build.0 = Debug|Win32
		{534F6C4A-BE27-45F6-8758-AEAED032A3E1}.Release|x64.ActiveCfg = Release|x64
		{534F6C4A-BE27-45F6-8758-AEAED032A3E1}.Release|x64.Build.0 = Release|x64
		{534F6C4A-BE27-45F6-8758-AEAED032A3E1}.Release|x86.ActiveCfg = Release|Win32
		{534F6C4A-BE27-45F6-8758-AEAED032A3E1}.Release|x86.Build.0 = Release|Win32
		{1314E848-580D-476B-A978-D9C9A008BDBE}.Debug|x64.ActiveCfg = Debug|x64
		{1314E848-580D-476B-A978-D9C9A008BDBE}.Debug|x64.Build.0 = Debug|x64
		{1314E848-580D-476B-A978-D9C9A008BDBE}.Debug|x86.ActiveCfg = Debug|Win32
		{1314E848-580D-476B-A978-D9C9A008BDBE}.Debug|x86.Build.0 = Debug|Win32
		{1314E848-580D-476B-A978-D9C9A008BDBE}.Release|x64.ActiveCfg = Release|x64
		{1314E848-580D-476B-A978-D9C9A008BDBE}.Release|x64.Build.0 = Release|x64
		{1314E848-580D-476B-A978-D9C9A008BDBE}.Release|x86.ActiveCfg = Release|Win32
		{1314E848-580D-476B-A978-D9C9A008BDBE}.Release|x86.Build.0 = Release|Win32
		{393D9060-3215-4B8A-8C68-C196F50FC4F5}.Debug|x64.ActiveCfg = Debug|x64
		{393D9060-3215-4B8A-8C68-C196F50FC4F5}.Debug|x64.Build.0 = Debug|x64
		{393D9060-3215-4B8A-8C68-C196F50FC4F5}.Debug|x86.ActiveCfg = Debug|Win32
		{393D9060-3215-4B8A-8C68-C196F50FC4F5}.Debug|x86.Build.0 = Debug|Win32
		{393D9060-3215-4B8A-8C68-C196F50FC4F5}.Release|x64.ActiveCfg = Release|x64
		{393D9060-3215-4B8A-8C68-C196F50FC4F5}.Release|x64.Build.0 = Release|x64
		{393D9060-3215-4B8A-8C68-C196F50FC4F5}.Release|x86.ActiveCfg = Release|Win32
		{393D9060-3215-4B8A-8C68-C196F50FC4F5}.Release|x86.Build.0 = Release|Win32
		{92BF34C1-BAF1-41C0-8F64-744EB45E53C1}.Debug|x64.ActiveCfg = Debug|x64
		{92BF34C1-BAF1-41C0-8F64-744EB45E53C1}.Debug|x64.Build.0 = Debug|x64
		{92BF34C1-BAF1-41C0-8F64-744EB45E53C1}.Debug|x86.ActiveCfg = Debug|Win32
		{92BF34C1-BAF1-41C0-8F64-744EB45E53C1}.Debug|x86.Build.0 = Debug|Win32
		{92BF34C1-BAF1-41C0-8F64-744EB45E53C1}.Release|x64.ActiveCfg = Release|x64
		{92BF34C1-BAF1-41C0-8F64-744EB45E53C1}.Release|x64.Build.0 = Release|x64
		{92BF34C1-BAF1-41C0-8F64-744EB45E53C1}.Release|x86.ActiveCfg = Release|Win32
		{92BF34C1-BAF1-41C0-8F64-744EB45E53C1}.Release|x86.Build.0 = Release|Win32
	EndGlobalSection
	GlobalSection(SolutionProperties) = preSolution
		HideSolutionNode = FALSE
	EndGlobalSection
	GlobalSection(ExtensibilityGlobals) = postSolution
		SolutionGuid = {3B8EFC9F-3330-46A4-AFCC-FD7B7F3838F0}
	EndGlobalSection
EndGlobal
