
Microsoft Visual Studio Solution File, Format Version 12.00
# Visual Studio Version 16
VisualStudioVersion = 16.0.30128.74
MinimumVisualStudioVersion = 10.0.40219.1
Project("{8BC9CEB8-8B4A-11D0-8D11-00A0C91BC942}") = "20_example", "20_example\20_example.vcxproj", "{B23475F6-4A13-4E36-80CD-345C145FE282}"
EndProject
Project("{8BC9CEB8-8B4A-11D0-8D11-00A0C91BC942}") = "21_linear_search", "21_linear_search\21_linear_search.vcxproj", "{EAC43D6B-9DF3-4377-8AAD-9FEAAA63D8C8}"
EndProject
Project("{8BC9CEB8-8B4A-11D0-8D11-00A0C91BC942}") = "22_Factorial", "22_Factorial\22_Factorial.vcxproj", "{EAAD5BDF-EEBE-4E7A-A576-26590B1A5C7D}"
EndProject
Project("{8BC9CEB8-8B4A-11D0-8D11-00A0C91BC942}") = "25_sum_1_to_n", "25_sum_1_to_n\25_sum_1_to_n.vcxproj", "{71BA98FB-D475-43B9-A998-4E4FD9C23876}"
EndProject
Project("{8BC9CEB8-8B4A-11D0-8D11-00A0C91BC942}") = "23_Leonardo_Fibonacci", "23_Leonardo_Fibonacci\23_Leonardo_Fibonacci.vcxproj", "{0EF14660-E3A1-4B5A-89F2-0CB0600B917E}"
EndProject
Project("{8BC9CEB8-8B4A-11D0-8D11-00A0C91BC942}") = "27_compound_interest", "27_compound_interest\27_compound_interest.vcxproj", "{626C04F9-9F57-49B5-BF64-6B86C072F7FA}"
EndProject
Project("{8BC9CEB8-8B4A-11D0-8D11-00A0C91BC942}") = "24_Convert_Binary", "24_Convert_Binary\24_Convert_Binary.vcxproj", "{8E151DE3-B4BA-43C8-8403-26F7BEC7AC02}"
EndProject
Project("{8BC9CEB8-8B4A-11D0-8D11-00A0C91BC942}") = "26_Hanoi_tower", "26_Hanoi_tower\26_Hanoi_tower.vcxproj", "{0B413F8A-CD19-4842-B617-CCE760B17996}"
EndProject
Global
	GlobalSection(SolutionConfigurationPlatforms) = preSolution
		Debug|x64 = Debug|x64
		Debug|x86 = Debug|x86
		Release|x64 = Release|x64
		Release|x86 = Release|x86
	EndGlobalSection
	GlobalSection(ProjectConfigurationPlatforms) = postSolution
		{B23475F6-4A13-4E36-80CD-345C145FE282}.Debug|x64.ActiveCfg = Debug|x64
		{B23475F6-4A13-4E36-80CD-345C145FE282}.Debug|x64.Build.0 = Debug|x64
		{B23475F6-4A13-4E36-80CD-345C145FE282}.Debug|x86.ActiveCfg = Debug|Win32
		{B23475F6-4A13-4E36-80CD-345C145FE282}.Debug|x86.Build.0 = Debug|Win32
		{B23475F6-4A13-4E36-80CD-345C145FE282}.Release|x64.ActiveCfg = Release|x64
		{B23475F6-4A13-4E36-80CD-345C145FE282}.Release|x64.Build.0 = Release|x64
		{B23475F6-4A13-4E36-80CD-345C145FE282}.Release|x86.ActiveCfg = Release|Win32
		{B23475F6-4A13-4E36-80CD-345C145FE282}.Release|x86.Build.0 = Release|Win32
		{EAC43D6B-9DF3-4377-8AAD-9FEAAA63D8C8}.Debug|x64.ActiveCfg = Debug|x64
		{EAC43D6B-9DF3-4377-8AAD-9FEAAA63D8C8}.Debug|x64.Build.0 = Debug|x64
		{EAC43D6B-9DF3-4377-8AAD-9FEAAA63D8C8}.Debug|x86.ActiveCfg = Debug|Win32
		{EAC43D6B-9DF3-4377-8AAD-9FEAAA63D8C8}.Debug|x86.Build.0 = Debug|Win32
		{EAC43D6B-9DF3-4377-8AAD-9FEAAA63D8C8}.Release|x64.ActiveCfg = Release|x64
		{EAC43D6B-9DF3-4377-8AAD-9FEAAA63D8C8}.Release|x64.Build.0 = Release|x64
		{EAC43D6B-9DF3-4377-8AAD-9FEAAA63D8C8}.Release|x86.ActiveCfg = Release|Win32
		{EAC43D6B-9DF3-4377-8AAD-9FEAAA63D8C8}.Release|x86.Build.0 = Release|Win32
		{EAAD5BDF-EEBE-4E7A-A576-26590B1A5C7D}.Debug|x64.ActiveCfg = Debug|x64
		{EAAD5BDF-EEBE-4E7A-A576-26590B1A5C7D}.Debug|x64.Build.0 = Debug|x64
		{EAAD5BDF-EEBE-4E7A-A576-26590B1A5C7D}.Debug|x86.ActiveCfg = Debug|Win32
		{EAAD5BDF-EEBE-4E7A-A576-26590B1A5C7D}.Debug|x86.Build.0 = Debug|Win32
		{EAAD5BDF-EEBE-4E7A-A576-26590B1A5C7D}.Release|x64.ActiveCfg = Release|x64
		{EAAD5BDF-EEBE-4E7A-A576-26590B1A5C7D}.Release|x64.Build.0 = Release|x64
		{EAAD5BDF-EEBE-4E7A-A576-26590B1A5C7D}.Release|x86.ActiveCfg = Release|Win32
		{EAAD5BDF-EEBE-4E7A-A576-26590B1A5C7D}.Release|x86.Build.0 = Release|Win32
		{71BA98FB-D475-43B9-A998-4E4FD9C23876}.Debug|x64.ActiveCfg = Debug|x64
		{71BA98FB-D475-43B9-A998-4E4FD9C23876}.Debug|x64.Build.0 = Debug|x64
		{71BA98FB-D475-43B9-A998-4E4FD9C23876}.Debug|x86.ActiveCfg = Debug|Win32
		{71BA98FB-D475-43B9-A998-4E4FD9C23876}.Debug|x86.Build.0 = Debug|Win32
		{71BA98FB-D475-43B9-A998-4E4FD9C23876}.Release|x64.ActiveCfg = Release|x64
		{71BA98FB-D475-43B9-A998-4E4FD9C23876}.Release|x64.Build.0 = Release|x64
		{71BA98FB-D475-43B9-A998-4E4FD9C23876}.Release|x86.ActiveCfg = Release|Win32
		{71BA98FB-D475-43B9-A998-4E4FD9C23876}.Release|x86.Build.0 = Release|Win32
		{0EF14660-E3A1-4B5A-89F2-0CB0600B917E}.Debug|x64.ActiveCfg = Debug|x64
		{0EF14660-E3A1-4B5A-89F2-0CB0600B917E}.Debug|x64.Build.0 = Debug|x64
		{0EF14660-E3A1-4B5A-89F2-0CB0600B917E}.Debug|x86.ActiveCfg = Debug|Win32
		{0EF14660-E3A1-4B5A-89F2-0CB0600B917E}.Debug|x86.Build.0 = Debug|Win32
		{0EF14660-E3A1-4B5A-89F2-0CB0600B917E}.Release|x64.ActiveCfg = Release|x64
		{0EF14660-E3A1-4B5A-89F2-0CB0600B917E}.Release|x64.Build.0 = Release|x64
		{0EF14660-E3A1-4B5A-89F2-0CB0600B917E}.Release|x86.ActiveCfg = Release|Win32
		{0EF14660-E3A1-4B5A-89F2-0CB0600B917E}.Release|x86.Build.0 = Release|Win32
		{626C04F9-9F57-49B5-BF64-6B86C072F7FA}.Debug|x64.ActiveCfg = Debug|x64
		{626C04F9-9F57-49B5-BF64-6B86C072F7FA}.Debug|x64.Build.0 = Debug|x64
		{626C04F9-9F57-49B5-BF64-6B86C072F7FA}.Debug|x86.ActiveCfg = Debug|Win32
		{626C04F9-9F57-49B5-BF64-6B86C072F7FA}.Debug|x86.Build.0 = Debug|Win32
		{626C04F9-9F57-49B5-BF64-6B86C072F7FA}.Release|x64.ActiveCfg = Release|x64
		{626C04F9-9F57-49B5-BF64-6B86C072F7FA}.Release|x64.Build.0 = Release|x64
		{626C04F9-9F57-49B5-BF64-6B86C072F7FA}.Release|x86.ActiveCfg = Release|Win32
		{626C04F9-9F57-49B5-BF64-6B86C072F7FA}.Release|x86.Build.0 = Release|Win32
		{8E151DE3-B4BA-43C8-8403-26F7BEC7AC02}.Debug|x64.ActiveCfg = Debug|x64
		{8E151DE3-B4BA-43C8-8403-26F7BEC7AC02}.Debug|x64.Build.0 = Debug|x64
		{8E151DE3-B4BA-43C8-8403-26F7BEC7AC02}.Debug|x86.ActiveCfg = Debug|Win32
		{8E151DE3-B4BA-43C8-8403-26F7BEC7AC02}.Debug|x86.Build.0 = Debug|Win32
		{8E151DE3-B4BA-43C8-8403-26F7BEC7AC02}.Release|x64.ActiveCfg = Release|x64
		{8E151DE3-B4BA-43C8-8403-26F7BEC7AC02}.Release|x64.Build.0 = Release|x64
		{8E151DE3-B4BA-43C8-8403-26F7BEC7AC02}.Release|x86.ActiveCfg = Release|Win32
		{8E151DE3-B4BA-43C8-8403-26F7BEC7AC02}.Release|x86.Build.0 = Release|Win32
		{0B413F8A-CD19-4842-B617-CCE760B17996}.Debug|x64.ActiveCfg = Debug|x64
		{0B413F8A-CD19-4842-B617-CCE760B17996}.Debug|x64.Build.0 = Debug|x64
		{0B413F8A-CD19-4842-B617-CCE760B17996}.Debug|x86.ActiveCfg = Debug|Win32
		{0B413F8A-CD19-4842-B617-CCE760B17996}.Debug|x86.Build.0 = Debug|Win32
		{0B413F8A-CD19-4842-B617-CCE760B17996}.Release|x64.ActiveCfg = Release|x64
		{0B413F8A-CD19-4842-B617-CCE760B17996}.Release|x64.Build.0 = Release|x64
		{0B413F8A-CD19-4842-B617-CCE760B17996}.Release|x86.ActiveCfg = Release|Win32
		{0B413F8A-CD19-4842-B617-CCE760B17996}.Release|x86.Build.0 = Release|Win32
	EndGlobalSection
	GlobalSection(SolutionProperties) = preSolution
		HideSolutionNode = FALSE
	EndGlobalSection
	GlobalSection(ExtensibilityGlobals) = postSolution
		SolutionGuid = {8AD9AC2C-5B86-49C2-9D5C-B5BE5FB5C019}
	EndGlobalSection
EndGlobal
